
Microsoft Visual Studio Solution File, Format Version 12.00
Project("{FAE04EC0-301F-11D3-BF4B-00C04F79EFBC}") = "WEB_953501_SVIRIDCHIK", "WEB_953501_SVIRIDCHIK.csproj", "{B3A16632-2D40-459E-8631-272D65A9061A}"
EndProject
Global
	GlobalSection(SolutionConfigurationPlatforms) = preSolution
		Debug|Any CPU = Debug|Any CPU
		Release|Any CPU = Release|Any CPU
	EndGlobalSection
	GlobalSection(ProjectConfigurationPlatforms) = postSolution
		{B3A16632-2D40-459E-8631-272D65A9061A}.Debug|Any CPU.ActiveCfg = Debug|Any CPU
		{B3A16632-2D40-459E-8631-272D65A9061A}.Debug|Any CPU.Build.0 = Debug|Any CPU
		{B3A16632-2D40-459E-8631-272D65A9061A}.Release|Any CPU.ActiveCfg = Release|Any CPU
		{B3A16632-2D40-459E-8631-272D65A9061A}.Release|Any CPU.Build.0 = Release|Any CPU
	EndGlobalSection
EndGlobal
